
Microsoft Visual Studio Solution File, Format Version 12.00
# Visual Studio Version 17
VisualStudioVersion = 17.9.34723.18
MinimumVisualStudioVersion = 10.0.40219.1
Project("{888888A0-9F3D-457C-B088-3A5042F75D52}") = "test_asyncio", "test_asyncio.pyproj", "{5D1642F8-F3DC-4395-8963-305F7DE32A0C}"
EndProject
Global
	GlobalSection(SolutionConfigurationPlatforms) = preSolution
		Debug|Any CPU = Debug|Any CPU
		Release|Any CPU = Release|Any CPU
	EndGlobalSection
	GlobalSection(ProjectConfigurationPlatforms) = postSolution
		{5D1642F8-F3DC-4395-8963-305F7DE32A0C}.Debug|Any CPU.ActiveCfg = Debug|Any CPU
		{5D1642F8-F3DC-4395-8963-305F7DE32A0C}.Release|Any CPU.ActiveCfg = Release|Any CPU
	EndGlobalSection
	GlobalSection(SolutionProperties) = preSolution
		HideSolutionNode = FALSE
	EndGlobalSection
	GlobalSection(ExtensibilityGlobals) = postSolution
		SolutionGuid = {87F9FE20-677C-4326-847F-9FF1DE750BE4}
	EndGlobalSection
EndGlobal
